// !$*UTF8*$!
{
	archiveVersion = 1;
	classes = {
	};
	objectVersion = 46;
	objects = {

/* Begin PBXBuildFile section */
		843EB0E31F0661E000F5298B /* main.m in Sources */ = {isa = PBXBuildFile; fileRef = 843EB0E21F0661E000F5298B /* main.m */; };
		843EB0E61F0661E000F5298B /* AppDelegate.m in Sources */ = {isa = PBXBuildFile; fileRef = 843EB0E51F0661E000F5298B /* AppDelegate.m */; };
		843EB0EC1F0661E000F5298B /* Main.storyboard in Resources */ = {isa = PBXBuildFile; fileRef = 843EB0EA1F0661E000F5298B /* Main.storyboard */; };
		843EB0EE1F0661E000F5298B /* Assets.xcassets in Resources */ = {isa = PBXBuildFile; fileRef = 843EB0ED1F0661E000F5298B /* Assets.xcassets */; };
		843EB0F11F0661E000F5298B /* LaunchScreen.storyboard in Resources */ = {isa = PBXBuildFile; fileRef = 843EB0EF1F0661E000F5298B /* LaunchScreen.storyboard */; };
		843EB1131F06627100F5298B /* Info.plist in Resources */ = {isa = PBXBuildFile; fileRef = 843EB0F91F06627100F5298B /* Info.plist */; };
		843EB1141F06627100F5298B /* MASCompositeConstraint.m in Sources */ = {isa = PBXBuildFile; fileRef = 843EB0FB1F06627100F5298B /* MASCompositeConstraint.m */; };
		843EB1151F06627100F5298B /* MASConstraint.m in Sources */ = {isa = PBXBuildFile; fileRef = 843EB0FE1F06627100F5298B /* MASConstraint.m */; };
		843EB1161F06627100F5298B /* MASConstraintMaker.m in Sources */ = {isa = PBXBuildFile; fileRef = 843EB1001F06627100F5298B /* MASConstraintMaker.m */; };
		843EB1171F06627100F5298B /* MASLayoutConstraint.m in Sources */ = {isa = PBXBuildFile; fileRef = 843EB1021F06627100F5298B /* MASLayoutConstraint.m */; };
		843EB1181F06627100F5298B /* MASViewAttribute.m in Sources */ = {isa = PBXBuildFile; fileRef = 843EB1061F06627100F5298B /* MASViewAttribute.m */; };
		843EB1191F06627100F5298B /* MASViewConstraint.m in Sources */ = {isa = PBXBuildFile; fileRef = 843EB1081F06627100F5298B /* MASViewConstraint.m */; };
		843EB11A1F06627100F5298B /* NSArray+MASAdditions.m in Sources */ = {isa = PBXBuildFile; fileRef = 843EB10A1F06627100F5298B /* NSArray+MASAdditions.m */; };
		843EB11B1F06627100F5298B /* NSLayoutConstraint+MASDebugAdditions.m in Sources */ = {isa = PBXBuildFile; fileRef = 843EB10D1F06627100F5298B /* NSLayoutConstraint+MASDebugAdditions.m */; };
		843EB11C1F06627100F5298B /* View+MASAdditions.m in Sources */ = {isa = PBXBuildFile; fileRef = 843EB10F1F06627100F5298B /* View+MASAdditions.m */; };
		843EB11D1F06627100F5298B /* ViewController+MASAdditions.m in Sources */ = {isa = PBXBuildFile; fileRef = 843EB1121F06627100F5298B /* ViewController+MASAdditions.m */; };
		843EB1761F06668F00F5298B /* FFNetworkManager.m in Sources */ = {isa = PBXBuildFile; fileRef = 843EB1751F06668F00F5298B /* FFNetworkManager.m */; };
		843EB1811F066D8400F5298B /* Comment.m in Sources */ = {isa = PBXBuildFile; fileRef = 843EB1801F066D8400F5298B /* Comment.m */; };
		843EB1841F066E4800F5298B /* Human.m in Sources */ = {isa = PBXBuildFile; fileRef = 843EB1831F066E4800F5298B /* Human.m */; };
		843EB1871F066EBB00F5298B /* FFItem.m in Sources */ = {isa = PBXBuildFile; fileRef = 843EB1861F066EBB00F5298B /* FFItem.m */; };
		843EB18B1F0670D700F5298B /* FFCoreDataStack.m in Sources */ = {isa = PBXBuildFile; fileRef = 843EB18A1F0670D700F5298B /* FFCoreDataStack.m */; };
		843EB18E1F06722200F5298B /* FFStorageService.m in Sources */ = {isa = PBXBuildFile; fileRef = 843EB18D1F06722200F5298B /* FFStorageService.m */; };
		843EB19E1F06762000F5298B /* FFFavoritesModel.m in Sources */ = {isa = PBXBuildFile; fileRef = 843EB19D1F06762000F5298B /* FFFavoritesModel.m */; };
		843EB1A11F06780100F5298B /* FFFavoritesViewController.m in Sources */ = {isa = PBXBuildFile; fileRef = 843EB1A01F06780100F5298B /* FFFavoritesViewController.m */; };
		84B43F001F067A0F004E6E3B /* FFFavoritesCell.m in Sources */ = {isa = PBXBuildFile; fileRef = 84B43EFF1F067A0F004E6E3B /* FFFavoritesCell.m */; };
		84B43F041F067B41004E6E3B /* FFPostDataProvider.m in Sources */ = {isa = PBXBuildFile; fileRef = 84B43F031F067B41004E6E3B /* FFPostDataProvider.m */; };
		84B43F091F067C28004E6E3B /* FFPostModel.m in Sources */ = {isa = PBXBuildFile; fileRef = 84B43F081F067C28004E6E3B /* FFPostModel.m */; };
		84B43F0D1F067E85004E6E3B /* FFPostViewCells.m in Sources */ = {isa = PBXBuildFile; fileRef = 84B43F0C1F067E85004E6E3B /* FFPostViewCells.m */; };
		84B43F101F06805C004E6E3B /* FFPostView.m in Sources */ = {isa = PBXBuildFile; fileRef = 84B43F0F1F06805C004E6E3B /* FFPostView.m */; };
		84B43F131F06839A004E6E3B /* FFPostController.m in Sources */ = {isa = PBXBuildFile; fileRef = 84B43F121F06839A004E6E3B /* FFPostController.m */; };
		84B43F161F0685C4004E6E3B /* FFImageDownloadOperation.m in Sources */ = {isa = PBXBuildFile; fileRef = 84B43F151F0685C4004E6E3B /* FFImageDownloadOperation.m */; };
		84B43F1D1F068A70004E6E3B /* FFSettingsViewController.m in Sources */ = {isa = PBXBuildFile; fileRef = 84B43F1C1F068A70004E6E3B /* FFSettingsViewController.m */; };
		84B43F261F068D06004E6E3B /* FFCollectionViewController.m in Sources */ = {isa = PBXBuildFile; fileRef = 84B43F251F068D06004E6E3B /* FFCollectionViewController.m */; };
		84B43F2A1F068E18004E6E3B /* FFCollectionModel.m in Sources */ = {isa = PBXBuildFile; fileRef = 84B43F291F068E18004E6E3B /* FFCollectionModel.m */; };
		84B43F2D1F069007004E6E3B /* FFCollectionNavigationBar.m in Sources */ = {isa = PBXBuildFile; fileRef = 84B43F2C1F069007004E6E3B /* FFCollectionNavigationBar.m */; };
		84B43F301F06902B004E6E3B /* FFCollectionViewCell.m in Sources */ = {isa = PBXBuildFile; fileRef = 84B43F2F1F06902B004E6E3B /* FFCollectionViewCell.m */; };
		84B43F331F069050004E6E3B /* FFCollectionViewLayout.m in Sources */ = {isa = PBXBuildFile; fileRef = 84B43F321F069050004E6E3B /* FFCollectionViewLayout.m */; };
		84B43F361F069CAA004E6E3B /* FFCollectionViewDataProvider.m in Sources */ = {isa = PBXBuildFile; fileRef = 84B43F351F069CAA004E6E3B /* FFCollectionViewDataProvider.m */; };
		84CC1D161F0D0BD400E481B4 /* FFImageDownloader.m in Sources */ = {isa = PBXBuildFile; fileRef = 84CC1D151F0D0BD400E481B4 /* FFImageDownloader.m */; };
		84CC1D191F0D290E00E481B4 /* FFMetadataLoadOperation.m in Sources */ = {isa = PBXBuildFile; fileRef = 84CC1D181F0D290E00E481B4 /* FFMetadataLoadOperation.m */; };
		84CC1D1C1F0D3F3300E481B4 /* Model1.xcdatamodeld in Sources */ = {isa = PBXBuildFile; fileRef = 84CC1D1A1F0D3F3300E481B4 /* Model1.xcdatamodeld */; };
/* End PBXBuildFile section */

/* Begin PBXFileReference section */
		843EB0DE1F0661E000F5298B /* FlickrDesign.app */ = {isa = PBXFileReference; explicitFileType = wrapper.application; includeInIndex = 0; path = FlickrDesign.app; sourceTree = BUILT_PRODUCTS_DIR; };
		843EB0E21F0661E000F5298B /* main.m */ = {isa = PBXFileReference; lastKnownFileType = sourcecode.c.objc; path = main.m; sourceTree = "<group>"; };
		843EB0E41F0661E000F5298B /* AppDelegate.h */ = {isa = PBXFileReference; lastKnownFileType = sourcecode.c.h; path = AppDelegate.h; sourceTree = "<group>"; };
		843EB0E51F0661E000F5298B /* AppDelegate.m */ = {isa = PBXFileReference; lastKnownFileType = sourcecode.c.objc; path = AppDelegate.m; sourceTree = "<group>"; };
		843EB0EB1F0661E000F5298B /* Base */ = {isa = PBXFileReference; lastKnownFileType = file.storyboard; name = Base; path = Base.lproj/Main.storyboard; sourceTree = "<group>"; };
		843EB0ED1F0661E000F5298B /* Assets.xcassets */ = {isa = PBXFileReference; lastKnownFileType = folder.assetcatalog; path = Assets.xcassets; sourceTree = "<group>"; };
		843EB0F01F0661E000F5298B /* Base */ = {isa = PBXFileReference; lastKnownFileType = file.storyboard; name = Base; path = Base.lproj/LaunchScreen.storyboard; sourceTree = "<group>"; };
		843EB0F21F0661E000F5298B /* Info.plist */ = {isa = PBXFileReference; lastKnownFileType = text.plist.xml; path = Info.plist; sourceTree = "<group>"; };
		843EB0F91F06627100F5298B /* Info.plist */ = {isa = PBXFileReference; fileEncoding = 4; lastKnownFileType = text.plist.xml; path = Info.plist; sourceTree = "<group>"; };
		843EB0FA1F06627100F5298B /* MASCompositeConstraint.h */ = {isa = PBXFileReference; fileEncoding = 4; lastKnownFileType = sourcecode.c.h; path = MASCompositeConstraint.h; sourceTree = "<group>"; };
		843EB0FB1F06627100F5298B /* MASCompositeConstraint.m */ = {isa = PBXFileReference; fileEncoding = 4; lastKnownFileType = sourcecode.c.objc; path = MASCompositeConstraint.m; sourceTree = "<group>"; };
		843EB0FC1F06627100F5298B /* MASConstraint+Private.h */ = {isa = PBXFileReference; fileEncoding = 4; lastKnownFileType = sourcecode.c.h; path = "MASConstraint+Private.h"; sourceTree = "<group>"; };
		843EB0FD1F06627100F5298B /* MASConstraint.h */ = {isa = PBXFileReference; fileEncoding = 4; lastKnownFileType = sourcecode.c.h; path = MASConstraint.h; sourceTree = "<group>"; };
		843EB0FE1F06627100F5298B /* MASConstraint.m */ = {isa = PBXFileReference; fileEncoding = 4; lastKnownFileType = sourcecode.c.objc; path = MASConstraint.m; sourceTree = "<group>"; };
		843EB0FF1F06627100F5298B /* MASConstraintMaker.h */ = {isa = PBXFileReference; fileEncoding = 4; lastKnownFileType = sourcecode.c.h; path = MASConstraintMaker.h; sourceTree = "<group>"; };
		843EB1001F06627100F5298B /* MASConstraintMaker.m */ = {isa = PBXFileReference; fileEncoding = 4; lastKnownFileType = sourcecode.c.objc; path = MASConstraintMaker.m; sourceTree = "<group>"; };
		843EB1011F06627100F5298B /* MASLayoutConstraint.h */ = {isa = PBXFileReference; fileEncoding = 4; lastKnownFileType = sourcecode.c.h; path = MASLayoutConstraint.h; sourceTree = "<group>"; };
		843EB1021F06627100F5298B /* MASLayoutConstraint.m */ = {isa = PBXFileReference; fileEncoding = 4; lastKnownFileType = sourcecode.c.objc; path = MASLayoutConstraint.m; sourceTree = "<group>"; };
		843EB1031F06627100F5298B /* Masonry.h */ = {isa = PBXFileReference; fileEncoding = 4; lastKnownFileType = sourcecode.c.h; path = Masonry.h; sourceTree = "<group>"; };
		843EB1041F06627100F5298B /* MASUtilities.h */ = {isa = PBXFileReference; fileEncoding = 4; lastKnownFileType = sourcecode.c.h; path = MASUtilities.h; sourceTree = "<group>"; };
		843EB1051F06627100F5298B /* MASViewAttribute.h */ = {isa = PBXFileReference; fileEncoding = 4; lastKnownFileType = sourcecode.c.h; path = MASViewAttribute.h; sourceTree = "<group>"; };
		843EB1061F06627100F5298B /* MASViewAttribute.m */ = {isa = PBXFileReference; fileEncoding = 4; lastKnownFileType = sourcecode.c.objc; path = MASViewAttribute.m; sourceTree = "<group>"; };
		843EB1071F06627100F5298B /* MASViewConstraint.h */ = {isa = PBXFileReference; fileEncoding = 4; lastKnownFileType = sourcecode.c.h; path = MASViewConstraint.h; sourceTree = "<group>"; };
		843EB1081F06627100F5298B /* MASViewConstraint.m */ = {isa = PBXFileReference; fileEncoding = 4; lastKnownFileType = sourcecode.c.objc; path = MASViewConstraint.m; sourceTree = "<group>"; };
		843EB1091F06627100F5298B /* NSArray+MASAdditions.h */ = {isa = PBXFileReference; fileEncoding = 4; lastKnownFileType = sourcecode.c.h; path = "NSArray+MASAdditions.h"; sourceTree = "<group>"; };
		843EB10A1F06627100F5298B /* NSArray+MASAdditions.m */ = {isa = PBXFileReference; fileEncoding = 4; lastKnownFileType = sourcecode.c.objc; path = "NSArray+MASAdditions.m"; sourceTree = "<group>"; };
		843EB10B1F06627100F5298B /* NSArray+MASShorthandAdditions.h */ = {isa = PBXFileReference; fileEncoding = 4; lastKnownFileType = sourcecode.c.h; path = "NSArray+MASShorthandAdditions.h"; sourceTree = "<group>"; };
		843EB10C1F06627100F5298B /* NSLayoutConstraint+MASDebugAdditions.h */ = {isa = PBXFileReference; fileEncoding = 4; lastKnownFileType = sourcecode.c.h; path = "NSLayoutConstraint+MASDebugAdditions.h"; sourceTree = "<group>"; };
		843EB10D1F06627100F5298B /* NSLayoutConstraint+MASDebugAdditions.m */ = {isa = PBXFileReference; fileEncoding = 4; lastKnownFileType = sourcecode.c.objc; path = "NSLayoutConstraint+MASDebugAdditions.m"; sourceTree = "<group>"; };
		843EB10E1F06627100F5298B /* View+MASAdditions.h */ = {isa = PBXFileReference; fileEncoding = 4; lastKnownFileType = sourcecode.c.h; path = "View+MASAdditions.h"; sourceTree = "<group>"; };
		843EB10F1F06627100F5298B /* View+MASAdditions.m */ = {isa = PBXFileReference; fileEncoding = 4; lastKnownFileType = sourcecode.c.objc; path = "View+MASAdditions.m"; sourceTree = "<group>"; };
		843EB1101F06627100F5298B /* View+MASShorthandAdditions.h */ = {isa = PBXFileReference; fileEncoding = 4; lastKnownFileType = sourcecode.c.h; path = "View+MASShorthandAdditions.h"; sourceTree = "<group>"; };
		843EB1111F06627100F5298B /* ViewController+MASAdditions.h */ = {isa = PBXFileReference; fileEncoding = 4; lastKnownFileType = sourcecode.c.h; path = "ViewController+MASAdditions.h"; sourceTree = "<group>"; };
		843EB1121F06627100F5298B /* ViewController+MASAdditions.m */ = {isa = PBXFileReference; fileEncoding = 4; lastKnownFileType = sourcecode.c.objc; path = "ViewController+MASAdditions.m"; sourceTree = "<group>"; };
		843EB1731F06665200F5298B /* FFNetworkProtocol.h */ = {isa = PBXFileReference; fileEncoding = 4; lastKnownFileType = sourcecode.c.h; path = FFNetworkProtocol.h; sourceTree = "<group>"; };
		843EB1741F06668F00F5298B /* FFNetworkManager.h */ = {isa = PBXFileReference; fileEncoding = 4; lastKnownFileType = sourcecode.c.h; path = FFNetworkManager.h; sourceTree = "<group>"; };
		843EB1751F06668F00F5298B /* FFNetworkManager.m */ = {isa = PBXFileReference; fileEncoding = 4; lastKnownFileType = sourcecode.c.objc; path = FFNetworkManager.m; sourceTree = "<group>"; };
		843EB17F1F066D8400F5298B /* Comment.h */ = {isa = PBXFileReference; fileEncoding = 4; lastKnownFileType = sourcecode.c.h; path = Comment.h; sourceTree = "<group>"; };
		843EB1801F066D8400F5298B /* Comment.m */ = {isa = PBXFileReference; fileEncoding = 4; lastKnownFileType = sourcecode.c.objc; path = Comment.m; sourceTree = "<group>"; };
		843EB1821F066E4800F5298B /* Human.h */ = {isa = PBXFileReference; fileEncoding = 4; lastKnownFileType = sourcecode.c.h; path = Human.h; sourceTree = "<group>"; };
		843EB1831F066E4800F5298B /* Human.m */ = {isa = PBXFileReference; fileEncoding = 4; lastKnownFileType = sourcecode.c.objc; path = Human.m; sourceTree = "<group>"; };
		843EB1851F066EBB00F5298B /* FFItem.h */ = {isa = PBXFileReference; fileEncoding = 4; lastKnownFileType = sourcecode.c.h; path = FFItem.h; sourceTree = "<group>"; };
		843EB1861F066EBB00F5298B /* FFItem.m */ = {isa = PBXFileReference; fileEncoding = 4; lastKnownFileType = sourcecode.c.objc; path = FFItem.m; sourceTree = "<group>"; };
		843EB1881F06704000F5298B /* FFStorageProtocol.h */ = {isa = PBXFileReference; fileEncoding = 4; lastKnownFileType = sourcecode.c.h; path = FFStorageProtocol.h; sourceTree = "<group>"; };
		843EB1891F0670D700F5298B /* FFCoreDataStack.h */ = {isa = PBXFileReference; fileEncoding = 4; lastKnownFileType = sourcecode.c.h; path = FFCoreDataStack.h; sourceTree = "<group>"; };
		843EB18A1F0670D700F5298B /* FFCoreDataStack.m */ = {isa = PBXFileReference; fileEncoding = 4; lastKnownFileType = sourcecode.c.objc; path = FFCoreDataStack.m; sourceTree = "<group>"; };
		843EB18C1F06722200F5298B /* FFStorageService.h */ = {isa = PBXFileReference; fileEncoding = 4; lastKnownFileType = sourcecode.c.h; path = FFStorageService.h; sourceTree = "<group>"; };
		843EB18D1F06722200F5298B /* FFStorageService.m */ = {isa = PBXFileReference; fileEncoding = 4; lastKnownFileType = sourcecode.c.objc; path = FFStorageService.m; sourceTree = "<group>"; };
		843EB19C1F06762000F5298B /* FFFavoritesModel.h */ = {isa = PBXFileReference; fileEncoding = 4; lastKnownFileType = sourcecode.c.h; lineEnding = 0; path = FFFavoritesModel.h; sourceTree = "<group>"; xcLanguageSpecificationIdentifier = xcode.lang.objcpp; };
		843EB19D1F06762000F5298B /* FFFavoritesModel.m */ = {isa = PBXFileReference; fileEncoding = 4; lastKnownFileType = sourcecode.c.objc; lineEnding = 0; path = FFFavoritesModel.m; sourceTree = "<group>"; xcLanguageSpecificationIdentifier = xcode.lang.objc; };
		843EB19F1F06780100F5298B /* FFFavoritesViewController.h */ = {isa = PBXFileReference; fileEncoding = 4; lastKnownFileType = sourcecode.c.h; path = FFFavoritesViewController.h; sourceTree = "<group>"; };
		843EB1A01F06780100F5298B /* FFFavoritesViewController.m */ = {isa = PBXFileReference; fileEncoding = 4; lastKnownFileType = sourcecode.c.objc; path = FFFavoritesViewController.m; sourceTree = "<group>"; };
		84B43EFE1F067A0F004E6E3B /* FFFavoritesCell.h */ = {isa = PBXFileReference; fileEncoding = 4; lastKnownFileType = sourcecode.c.h; path = FFFavoritesCell.h; sourceTree = "<group>"; };
		84B43EFF1F067A0F004E6E3B /* FFFavoritesCell.m */ = {isa = PBXFileReference; fileEncoding = 4; lastKnownFileType = sourcecode.c.objc; path = FFFavoritesCell.m; sourceTree = "<group>"; };
		84B43F021F067B41004E6E3B /* FFPostDataProvider.h */ = {isa = PBXFileReference; fileEncoding = 4; lastKnownFileType = sourcecode.c.h; path = FFPostDataProvider.h; sourceTree = "<group>"; };
		84B43F031F067B41004E6E3B /* FFPostDataProvider.m */ = {isa = PBXFileReference; fileEncoding = 4; lastKnownFileType = sourcecode.c.objc; path = FFPostDataProvider.m; sourceTree = "<group>"; };
		84B43F061F067B98004E6E3B /* FFPostModelProtocol.h */ = {isa = PBXFileReference; fileEncoding = 4; lastKnownFileType = sourcecode.c.h; path = FFPostModelProtocol.h; sourceTree = "<group>"; };
		84B43F071F067C28004E6E3B /* FFPostModel.h */ = {isa = PBXFileReference; fileEncoding = 4; lastKnownFileType = sourcecode.c.h; lineEnding = 0; path = FFPostModel.h; sourceTree = "<group>"; xcLanguageSpecificationIdentifier = xcode.lang.objcpp; };
		84B43F081F067C28004E6E3B /* FFPostModel.m */ = {isa = PBXFileReference; fileEncoding = 4; lastKnownFileType = sourcecode.c.objc; lineEnding = 0; path = FFPostModel.m; sourceTree = "<group>"; xcLanguageSpecificationIdentifier = xcode.lang.objc; };
		84B43F0B1F067E85004E6E3B /* FFPostViewCells.h */ = {isa = PBXFileReference; fileEncoding = 4; lastKnownFileType = sourcecode.c.h; path = FFPostViewCells.h; sourceTree = "<group>"; };
		84B43F0C1F067E85004E6E3B /* FFPostViewCells.m */ = {isa = PBXFileReference; fileEncoding = 4; lastKnownFileType = sourcecode.c.objc; path = FFPostViewCells.m; sourceTree = "<group>"; };
		84B43F0E1F06805C004E6E3B /* FFPostView.h */ = {isa = PBXFileReference; fileEncoding = 4; lastKnownFileType = sourcecode.c.h; path = FFPostView.h; sourceTree = "<group>"; };
		84B43F0F1F06805C004E6E3B /* FFPostView.m */ = {isa = PBXFileReference; fileEncoding = 4; lastKnownFileType = sourcecode.c.objc; path = FFPostView.m; sourceTree = "<group>"; };
		84B43F111F06839A004E6E3B /* FFPostController.h */ = {isa = PBXFileReference; fileEncoding = 4; lastKnownFileType = sourcecode.c.h; path = FFPostController.h; sourceTree = "<group>"; };
		84B43F121F06839A004E6E3B /* FFPostController.m */ = {isa = PBXFileReference; fileEncoding = 4; lastKnownFileType = sourcecode.c.objc; path = FFPostController.m; sourceTree = "<group>"; };
		84B43F141F0685C4004E6E3B /* FFImageDownloadOperation.h */ = {isa = PBXFileReference; fileEncoding = 4; lastKnownFileType = sourcecode.c.h; lineEnding = 0; path = FFImageDownloadOperation.h; sourceTree = "<group>"; xcLanguageSpecificationIdentifier = xcode.lang.objcpp; };
		84B43F151F0685C4004E6E3B /* FFImageDownloadOperation.m */ = {isa = PBXFileReference; fileEncoding = 4; lastKnownFileType = sourcecode.c.objc; lineEnding = 0; path = FFImageDownloadOperation.m; sourceTree = "<group>"; xcLanguageSpecificationIdentifier = xcode.lang.objc; };
		84B43F1B1F068A70004E6E3B /* FFSettingsViewController.h */ = {isa = PBXFileReference; fileEncoding = 4; lastKnownFileType = sourcecode.c.h; lineEnding = 0; path = FFSettingsViewController.h; sourceTree = "<group>"; xcLanguageSpecificationIdentifier = xcode.lang.objcpp; };
		84B43F1C1F068A70004E6E3B /* FFSettingsViewController.m */ = {isa = PBXFileReference; fileEncoding = 4; lastKnownFileType = sourcecode.c.objc; lineEnding = 0; path = FFSettingsViewController.m; sourceTree = "<group>"; xcLanguageSpecificationIdentifier = xcode.lang.objc; };
		84B43F241F068D06004E6E3B /* FFCollectionViewController.h */ = {isa = PBXFileReference; fileEncoding = 4; lastKnownFileType = sourcecode.c.h; path = FFCollectionViewController.h; sourceTree = "<group>"; };
		84B43F251F068D06004E6E3B /* FFCollectionViewController.m */ = {isa = PBXFileReference; fileEncoding = 4; lastKnownFileType = sourcecode.c.objc; path = FFCollectionViewController.m; sourceTree = "<group>"; };
		84B43F271F068D51004E6E3B /* FFCollectionModelProtocol.h */ = {isa = PBXFileReference; fileEncoding = 4; lastKnownFileType = sourcecode.c.h; lineEnding = 0; path = FFCollectionModelProtocol.h; sourceTree = "<group>"; xcLanguageSpecificationIdentifier = xcode.lang.objcpp; };
		84B43F281F068E18004E6E3B /* FFCollectionModel.h */ = {isa = PBXFileReference; fileEncoding = 4; lastKnownFileType = sourcecode.c.h; lineEnding = 0; path = FFCollectionModel.h; sourceTree = "<group>"; xcLanguageSpecificationIdentifier = xcode.lang.objcpp; };
		84B43F291F068E18004E6E3B /* FFCollectionModel.m */ = {isa = PBXFileReference; fileEncoding = 4; lastKnownFileType = sourcecode.c.objc; lineEnding = 0; path = FFCollectionModel.m; sourceTree = "<group>"; xcLanguageSpecificationIdentifier = xcode.lang.objc; };
		84B43F2B1F069007004E6E3B /* FFCollectionNavigationBar.h */ = {isa = PBXFileReference; fileEncoding = 4; lastKnownFileType = sourcecode.c.h; path = FFCollectionNavigationBar.h; sourceTree = "<group>"; };
		84B43F2C1F069007004E6E3B /* FFCollectionNavigationBar.m */ = {isa = PBXFileReference; fileEncoding = 4; lastKnownFileType = sourcecode.c.objc; path = FFCollectionNavigationBar.m; sourceTree = "<group>"; };
		84B43F2E1F06902B004E6E3B /* FFCollectionViewCell.h */ = {isa = PBXFileReference; fileEncoding = 4; lastKnownFileType = sourcecode.c.h; path = FFCollectionViewCell.h; sourceTree = "<group>"; };
		84B43F2F1F06902B004E6E3B /* FFCollectionViewCell.m */ = {isa = PBXFileReference; fileEncoding = 4; lastKnownFileType = sourcecode.c.objc; path = FFCollectionViewCell.m; sourceTree = "<group>"; };
		84B43F311F069050004E6E3B /* FFCollectionViewLayout.h */ = {isa = PBXFileReference; fileEncoding = 4; lastKnownFileType = sourcecode.c.h; path = FFCollectionViewLayout.h; sourceTree = "<group>"; };
		84B43F321F069050004E6E3B /* FFCollectionViewLayout.m */ = {isa = PBXFileReference; fileEncoding = 4; lastKnownFileType = sourcecode.c.objc; path = FFCollectionViewLayout.m; sourceTree = "<group>"; };
		84B43F341F069CAA004E6E3B /* FFCollectionViewDataProvider.h */ = {isa = PBXFileReference; fileEncoding = 4; lastKnownFileType = sourcecode.c.h; path = FFCollectionViewDataProvider.h; sourceTree = "<group>"; };
		84B43F351F069CAA004E6E3B /* FFCollectionViewDataProvider.m */ = {isa = PBXFileReference; fileEncoding = 4; lastKnownFileType = sourcecode.c.objc; path = FFCollectionViewDataProvider.m; sourceTree = "<group>"; };
		84CC1D141F0D0BD400E481B4 /* FFImageDownloader.h */ = {isa = PBXFileReference; fileEncoding = 4; lastKnownFileType = sourcecode.c.h; path = FFImageDownloader.h; sourceTree = "<group>"; };
		84CC1D151F0D0BD400E481B4 /* FFImageDownloader.m */ = {isa = PBXFileReference; fileEncoding = 4; lastKnownFileType = sourcecode.c.objc; path = FFImageDownloader.m; sourceTree = "<group>"; };
		84CC1D171F0D290E00E481B4 /* FFMetadataLoadOperation.h */ = {isa = PBXFileReference; fileEncoding = 4; lastKnownFileType = sourcecode.c.h; path = FFMetadataLoadOperation.h; sourceTree = "<group>"; };
		84CC1D181F0D290E00E481B4 /* FFMetadataLoadOperation.m */ = {isa = PBXFileReference; fileEncoding = 4; lastKnownFileType = sourcecode.c.objc; path = FFMetadataLoadOperation.m; sourceTree = "<group>"; };
		84CC1D1B1F0D3F3300E481B4 /* Model1.xcdatamodel */ = {isa = PBXFileReference; lastKnownFileType = wrapper.xcdatamodel; path = Model1.xcdatamodel; sourceTree = "<group>"; };
/* End PBXFileReference section */

/* Begin PBXFrameworksBuildPhase section */
		843EB0DB1F0661E000F5298B /* Frameworks */ = {
			isa = PBXFrameworksBuildPhase;
			buildActionMask = 2147483647;
			files = (
			);
			runOnlyForDeploymentPostprocessing = 0;
		};
/* End PBXFrameworksBuildPhase section */

/* Begin PBXGroup section */
		843EB0D51F0661E000F5298B = {
			isa = PBXGroup;
			children = (
				843EB0E01F0661E000F5298B /* FlickrDesign */,
				843EB0DF1F0661E000F5298B /* Products */,
			);
			sourceTree = "<group>";
		};
		843EB0DF1F0661E000F5298B /* Products */ = {
			isa = PBXGroup;
			children = (
				843EB0DE1F0661E000F5298B /* FlickrDesign.app */,
			);
			name = Products;
			sourceTree = "<group>";
		};
		843EB0E01F0661E000F5298B /* FlickrDesign */ = {
			isa = PBXGroup;
			children = (
				843EB1971F06754900F5298B /* Classes */,
				843EB16C1F06647500F5298B /* Services */,
				843EB0E41F0661E000F5298B /* AppDelegate.h */,
				843EB0E51F0661E000F5298B /* AppDelegate.m */,
				843EB0F21F0661E000F5298B /* Info.plist */,
				843EB0E11F0661E000F5298B /* Supporting Files */,
			);
			path = FlickrDesign;
			sourceTree = "<group>";
		};
		843EB0E11F0661E000F5298B /* Supporting Files */ = {
			isa = PBXGroup;
			children = (
				843EB0F81F06627100F5298B /* Masonry */,
				843EB0E21F0661E000F5298B /* main.m */,
				843EB0EF1F0661E000F5298B /* LaunchScreen.storyboard */,
				843EB0ED1F0661E000F5298B /* Assets.xcassets */,
				843EB0EA1F0661E000F5298B /* Main.storyboard */,
			);
			name = "Supporting Files";
			sourceTree = "<group>";
		};
		843EB0F81F06627100F5298B /* Masonry */ = {
			isa = PBXGroup;
			children = (
				843EB0F91F06627100F5298B /* Info.plist */,
				843EB0FA1F06627100F5298B /* MASCompositeConstraint.h */,
				843EB0FB1F06627100F5298B /* MASCompositeConstraint.m */,
				843EB0FC1F06627100F5298B /* MASConstraint+Private.h */,
				843EB0FD1F06627100F5298B /* MASConstraint.h */,
				843EB0FE1F06627100F5298B /* MASConstraint.m */,
				843EB0FF1F06627100F5298B /* MASConstraintMaker.h */,
				843EB1001F06627100F5298B /* MASConstraintMaker.m */,
				843EB1011F06627100F5298B /* MASLayoutConstraint.h */,
				843EB1021F06627100F5298B /* MASLayoutConstraint.m */,
				843EB1031F06627100F5298B /* Masonry.h */,
				843EB1041F06627100F5298B /* MASUtilities.h */,
				843EB1051F06627100F5298B /* MASViewAttribute.h */,
				843EB1061F06627100F5298B /* MASViewAttribute.m */,
				843EB1071F06627100F5298B /* MASViewConstraint.h */,
				843EB1081F06627100F5298B /* MASViewConstraint.m */,
				843EB1091F06627100F5298B /* NSArray+MASAdditions.h */,
				843EB10A1F06627100F5298B /* NSArray+MASAdditions.m */,
				843EB10B1F06627100F5298B /* NSArray+MASShorthandAdditions.h */,
				843EB10C1F06627100F5298B /* NSLayoutConstraint+MASDebugAdditions.h */,
				843EB10D1F06627100F5298B /* NSLayoutConstraint+MASDebugAdditions.m */,
				843EB10E1F06627100F5298B /* View+MASAdditions.h */,
				843EB10F1F06627100F5298B /* View+MASAdditions.m */,
				843EB1101F06627100F5298B /* View+MASShorthandAdditions.h */,
				843EB1111F06627100F5298B /* ViewController+MASAdditions.h */,
				843EB1121F06627100F5298B /* ViewController+MASAdditions.m */,
			);
			path = Masonry;
			sourceTree = "<group>";
		};
		843EB16C1F06647500F5298B /* Services */ = {
			isa = PBXGroup;
			children = (
				84CC1D131F0D08A600E481B4 /* ImageDownload */,
				843EB17A1F066A2800F5298B /* DataStorage */,
				843EB1731F06665200F5298B /* FFNetworkProtocol.h */,
				843EB1741F06668F00F5298B /* FFNetworkManager.h */,
				843EB1751F06668F00F5298B /* FFNetworkManager.m */,
			);
			name = Services;
			sourceTree = "<group>";
		};
		843EB17A1F066A2800F5298B /* DataStorage */ = {
			isa = PBXGroup;
			children = (
				843EB17E1F066D6C00F5298B /* Entities */,
				843EB1881F06704000F5298B /* FFStorageProtocol.h */,
				843EB1891F0670D700F5298B /* FFCoreDataStack.h */,
				843EB18A1F0670D700F5298B /* FFCoreDataStack.m */,
				843EB18C1F06722200F5298B /* FFStorageService.h */,
				843EB18D1F06722200F5298B /* FFStorageService.m */,
			);
			name = DataStorage;
			sourceTree = "<group>";
		};
		843EB17E1F066D6C00F5298B /* Entities */ = {
			isa = PBXGroup;
			children = (
				84CC1D1A1F0D3F3300E481B4 /* Model1.xcdatamodeld */,
				843EB17F1F066D8400F5298B /* Comment.h */,
				843EB1801F066D8400F5298B /* Comment.m */,
				843EB1821F066E4800F5298B /* Human.h */,
				843EB1831F066E4800F5298B /* Human.m */,
				843EB1851F066EBB00F5298B /* FFItem.h */,
				843EB1861F066EBB00F5298B /* FFItem.m */,
			);
			name = Entities;
			sourceTree = "<group>";
		};
		843EB1971F06754900F5298B /* Classes */ = {
			isa = PBXGroup;
			children = (
				84EEC33B1F09161A001FA0BD /* Models */,
				84EEC33A1F091612001FA0BD /* Views */,
				84EEC3391F0915F2001FA0BD /* Controllers */,
				843EB19B1F06758500F5298B /* Others */,
			);
			name = Classes;
			sourceTree = "<group>";
		};
		843EB19B1F06758500F5298B /* Others */ = {
			isa = PBXGroup;
			children = (
				84B43F1B1F068A70004E6E3B /* FFSettingsViewController.h */,
				84B43F1C1F068A70004E6E3B /* FFSettingsViewController.m */,
			);
			name = Others;
			sourceTree = "<group>";
		};
		84CC1D131F0D08A600E481B4 /* ImageDownload */ = {
			isa = PBXGroup;
			children = (
				84B43F141F0685C4004E6E3B /* FFImageDownloadOperation.h */,
				84B43F151F0685C4004E6E3B /* FFImageDownloadOperation.m */,
				84CC1D141F0D0BD400E481B4 /* FFImageDownloader.h */,
				84CC1D151F0D0BD400E481B4 /* FFImageDownloader.m */,
			);
			name = ImageDownload;
			sourceTree = "<group>";
		};
		84EEC3391F0915F2001FA0BD /* Controllers */ = {
			isa = PBXGroup;
			children = (
				84B43F021F067B41004E6E3B /* FFPostDataProvider.h */,
				84B43F031F067B41004E6E3B /* FFPostDataProvider.m */,
				84B43F111F06839A004E6E3B /* FFPostController.h */,
				84B43F121F06839A004E6E3B /* FFPostController.m */,
				84B43F241F068D06004E6E3B /* FFCollectionViewController.h */,
				84B43F251F068D06004E6E3B /* FFCollectionViewController.m */,
				84B43F341F069CAA004E6E3B /* FFCollectionViewDataProvider.h */,
				84B43F351F069CAA004E6E3B /* FFCollectionViewDataProvider.m */,
				843EB19F1F06780100F5298B /* FFFavoritesViewController.h */,
				843EB1A01F06780100F5298B /* FFFavoritesViewController.m */,
			);
			name = Controllers;
			sourceTree = "<group>";
		};
		84EEC33A1F091612001FA0BD /* Views */ = {
			isa = PBXGroup;
			children = (
				84B43F2B1F069007004E6E3B /* FFCollectionNavigationBar.h */,
				84B43F2C1F069007004E6E3B /* FFCollectionNavigationBar.m */,
				84B43F2E1F06902B004E6E3B /* FFCollectionViewCell.h */,
				84B43F2F1F06902B004E6E3B /* FFCollectionViewCell.m */,
				84B43F311F069050004E6E3B /* FFCollectionViewLayout.h */,
				84B43F321F069050004E6E3B /* FFCollectionViewLayout.m */,
				84B43EFE1F067A0F004E6E3B /* FFFavoritesCell.h */,
				84B43EFF1F067A0F004E6E3B /* FFFavoritesCell.m */,
				84B43F0B1F067E85004E6E3B /* FFPostViewCells.h */,
				84B43F0C1F067E85004E6E3B /* FFPostViewCells.m */,
				84B43F0E1F06805C004E6E3B /* FFPostView.h */,
				84B43F0F1F06805C004E6E3B /* FFPostView.m */,
			);
			name = Views;
			sourceTree = "<group>";
		};
		84EEC33B1F09161A001FA0BD /* Models */ = {
			isa = PBXGroup;
			children = (
				84B43F271F068D51004E6E3B /* FFCollectionModelProtocol.h */,
				84B43F281F068E18004E6E3B /* FFCollectionModel.h */,
				84B43F291F068E18004E6E3B /* FFCollectionModel.m */,
				843EB19C1F06762000F5298B /* FFFavoritesModel.h */,
				843EB19D1F06762000F5298B /* FFFavoritesModel.m */,
				84B43F061F067B98004E6E3B /* FFPostModelProtocol.h */,
				84B43F071F067C28004E6E3B /* FFPostModel.h */,
				84B43F081F067C28004E6E3B /* FFPostModel.m */,
				84CC1D171F0D290E00E481B4 /* FFMetadataLoadOperation.h */,
				84CC1D181F0D290E00E481B4 /* FFMetadataLoadOperation.m */,
			);
			name = Models;
			sourceTree = "<group>";
		};
/* End PBXGroup section */

/* Begin PBXNativeTarget section */
		843EB0DD1F0661E000F5298B /* FlickrDesign */ = {
			isa = PBXNativeTarget;
			buildConfigurationList = 843EB0F51F0661E000F5298B /* Build configuration list for PBXNativeTarget "FlickrDesign" */;
			buildPhases = (
				843EB0DA1F0661E000F5298B /* Sources */,
				843EB0DB1F0661E000F5298B /* Frameworks */,
				843EB0DC1F0661E000F5298B /* Resources */,
			);
			buildRules = (
			);
			dependencies = (
			);
			name = FlickrDesign;
			productName = FlickrDesign;
			productReference = 843EB0DE1F0661E000F5298B /* FlickrDesign.app */;
			productType = "com.apple.product-type.application";
		};
/* End PBXNativeTarget section */

/* Begin PBXProject section */
		843EB0D61F0661E000F5298B /* Project object */ = {
			isa = PBXProject;
			attributes = {
				LastUpgradeCheck = 0830;
				ORGANIZATIONNAME = ilya;
				TargetAttributes = {
					843EB0DD1F0661E000F5298B = {
						CreatedOnToolsVersion = 8.3.2;
						ProvisioningStyle = Automatic;
					};
				};
			};
			buildConfigurationList = 843EB0D91F0661E000F5298B /* Build configuration list for PBXProject "FlickrDesign" */;
			compatibilityVersion = "Xcode 3.2";
			developmentRegion = English;
			hasScannedForEncodings = 0;
			knownRegions = (
				en,
				Base,
			);
			mainGroup = 843EB0D51F0661E000F5298B;
			productRefGroup = 843EB0DF1F0661E000F5298B /* Products */;
			projectDirPath = "";
			projectRoot = "";
			targets = (
				843EB0DD1F0661E000F5298B /* FlickrDesign */,
			);
		};
/* End PBXProject section */

/* Begin PBXResourcesBuildPhase section */
		843EB0DC1F0661E000F5298B /* Resources */ = {
			isa = PBXResourcesBuildPhase;
			buildActionMask = 2147483647;
			files = (
				843EB1131F06627100F5298B /* Info.plist in Resources */,
				843EB0F11F0661E000F5298B /* LaunchScreen.storyboard in Resources */,
				843EB0EE1F0661E000F5298B /* Assets.xcassets in Resources */,
				843EB0EC1F0661E000F5298B /* Main.storyboard in Resources */,
			);
			runOnlyForDeploymentPostprocessing = 0;
		};
/* End PBXResourcesBuildPhase section */

/* Begin PBXSourcesBuildPhase section */
		843EB0DA1F0661E000F5298B /* Sources */ = {
			isa = PBXSourcesBuildPhase;
			buildActionMask = 2147483647;
			files = (
				843EB11C1F06627100F5298B /* View+MASAdditions.m in Sources */,
				84B43F101F06805C004E6E3B /* FFPostView.m in Sources */,
				84B43F2A1F068E18004E6E3B /* FFCollectionModel.m in Sources */,
				84B43F301F06902B004E6E3B /* FFCollectionViewCell.m in Sources */,
				843EB1141F06627100F5298B /* MASCompositeConstraint.m in Sources */,
				843EB1161F06627100F5298B /* MASConstraintMaker.m in Sources */,
				843EB0E61F0661E000F5298B /* AppDelegate.m in Sources */,
				84CC1D1C1F0D3F3300E481B4 /* Model1.xcdatamodeld in Sources */,
				843EB11D1F06627100F5298B /* ViewController+MASAdditions.m in Sources */,
				843EB1171F06627100F5298B /* MASLayoutConstraint.m in Sources */,
				84B43F161F0685C4004E6E3B /* FFImageDownloadOperation.m in Sources */,
				843EB0E31F0661E000F5298B /* main.m in Sources */,
				843EB19E1F06762000F5298B /* FFFavoritesModel.m in Sources */,
				843EB1811F066D8400F5298B /* Comment.m in Sources */,
				84B43F2D1F069007004E6E3B /* FFCollectionNavigationBar.m in Sources */,
				84B43F261F068D06004E6E3B /* FFCollectionViewController.m in Sources */,
				84B43F0D1F067E85004E6E3B /* FFPostViewCells.m in Sources */,
				84B43F1D1F068A70004E6E3B /* FFSettingsViewController.m in Sources */,
				84CC1D161F0D0BD400E481B4 /* FFImageDownloader.m in Sources */,
				84B43F091F067C28004E6E3B /* FFPostModel.m in Sources */,
				843EB1761F06668F00F5298B /* FFNetworkManager.m in Sources */,
				843EB1181F06627100F5298B /* MASViewAttribute.m in Sources */,
				843EB1151F06627100F5298B /* MASConstraint.m in Sources */,
				84B43F131F06839A004E6E3B /* FFPostController.m in Sources */,
				843EB18B1F0670D700F5298B /* FFCoreDataStack.m in Sources */,
				843EB1191F06627100F5298B /* MASViewConstraint.m in Sources */,
				843EB18E1F06722200F5298B /* FFStorageService.m in Sources */,
				843EB1841F066E4800F5298B /* Human.m in Sources */,
				84B43F361F069CAA004E6E3B /* FFCollectionViewDataProvider.m in Sources */,
				84B43F041F067B41004E6E3B /* FFPostDataProvider.m in Sources */,
				84B43F001F067A0F004E6E3B /* FFFavoritesCell.m in Sources */,
				843EB11A1F06627100F5298B /* NSArray+MASAdditions.m in Sources */,
				84CC1D191F0D290E00E481B4 /* FFMetadataLoadOperation.m in Sources */,
				843EB1A11F06780100F5298B /* FFFavoritesViewController.m in Sources */,
				843EB11B1F06627100F5298B /* NSLayoutConstraint+MASDebugAdditions.m in Sources */,
				84B43F331F069050004E6E3B /* FFCollectionViewLayout.m in Sources */,
				843EB1871F066EBB00F5298B /* FFItem.m in Sources */,
			);
			runOnlyForDeploymentPostprocessing = 0;
		};
/* End PBXSourcesBuildPhase section */

/* Begin PBXVariantGroup section */
		843EB0EA1F0661E000F5298B /* Main.storyboard */ = {
			isa = PBXVariantGroup;
			children = (
				843EB0EB1F0661E000F5298B /* Base */,
			);
			name = Main.storyboard;
			sourceTree = "<group>";
		};
		843EB0EF1F0661E000F5298B /* LaunchScreen.storyboard */ = {
			isa = PBXVariantGroup;
			children = (
				843EB0F01F0661E000F5298B /* Base */,
			);
			name = LaunchScreen.storyboard;
			sourceTree = "<group>";
		};
/* End PBXVariantGroup section */

/* Begin XCBuildConfiguration section */
		843EB0F31F0661E000F5298B /* Debug */ = {
			isa = XCBuildConfiguration;
			buildSettings = {
				ALWAYS_SEARCH_USER_PATHS = NO;
				CLANG_ANALYZER_NONNULL = YES;
				CLANG_ANALYZER_NUMBER_OBJECT_CONVERSION = YES_AGGRESSIVE;
				CLANG_CXX_LANGUAGE_STANDARD = "gnu++0x";
				CLANG_CXX_LIBRARY = "libc++";
				CLANG_ENABLE_MODULES = YES;
				CLANG_ENABLE_OBJC_ARC = YES;
				CLANG_WARN_BOOL_CONVERSION = YES;
				CLANG_WARN_CONSTANT_CONVERSION = YES;
				CLANG_WARN_DIRECT_OBJC_ISA_USAGE = YES_ERROR;
				CLANG_WARN_DOCUMENTATION_COMMENTS = YES;
				CLANG_WARN_EMPTY_BODY = YES;
				CLANG_WARN_ENUM_CONVERSION = YES;
				CLANG_WARN_INFINITE_RECURSION = YES;
				CLANG_WARN_INT_CONVERSION = YES;
				CLANG_WARN_OBJC_ROOT_CLASS = YES_ERROR;
				CLANG_WARN_SUSPICIOUS_MOVE = YES;
				CLANG_WARN_UNREACHABLE_CODE = YES;
				CLANG_WARN__DUPLICATE_METHOD_MATCH = YES;
				"CODE_SIGN_IDENTITY[sdk=iphoneos*]" = "iPhone Developer";
				COPY_PHASE_STRIP = NO;
				DEBUG_INFORMATION_FORMAT = dwarf;
				ENABLE_STRICT_OBJC_MSGSEND = YES;
				ENABLE_TESTABILITY = YES;
				GCC_C_LANGUAGE_STANDARD = gnu99;
				GCC_DYNAMIC_NO_PIC = NO;
				GCC_NO_COMMON_BLOCKS = YES;
				GCC_OPTIMIZATION_LEVEL = 0;
				GCC_PREPROCESSOR_DEFINITIONS = (
					"DEBUG=1",
					"$(inherited)",
				);
				GCC_WARN_64_TO_32_BIT_CONVERSION = YES;
				GCC_WARN_ABOUT_RETURN_TYPE = YES_ERROR;
				GCC_WARN_UNDECLARED_SELECTOR = YES;
				GCC_WARN_UNINITIALIZED_AUTOS = YES_AGGRESSIVE;
				GCC_WARN_UNUSED_FUNCTION = YES;
				GCC_WARN_UNUSED_VARIABLE = YES;
				IPHONEOS_DEPLOYMENT_TARGET = 10.3;
				MTL_ENABLE_DEBUG_INFO = YES;
				ONLY_ACTIVE_ARCH = YES;
				SDKROOT = iphoneos;
				TARGETED_DEVICE_FAMILY = "1,2";
			};
			name = Debug;
		};
		843EB0F41F0661E000F5298B /* Release */ = {
			isa = XCBuildConfiguration;
			buildSettings = {
				ALWAYS_SEARCH_USER_PATHS = NO;
				CLANG_ANALYZER_NONNULL = YES;
				CLANG_ANALYZER_NUMBER_OBJECT_CONVERSION = YES_AGGRESSIVE;
				CLANG_CXX_LANGUAGE_STANDARD = "gnu++0x";
				CLANG_CXX_LIBRARY = "libc++";
				CLANG_ENABLE_MODULES = YES;
				CLANG_ENABLE_OBJC_ARC = YES;
				CLANG_WARN_BOOL_CONVERSION = YES;
				CLANG_WARN_CONSTANT_CONVERSION = YES;
				CLANG_WARN_DIRECT_OBJC_ISA_USAGE = YES_ERROR;
				CLANG_WARN_DOCUMENTATION_COMMENTS = YES;
				CLANG_WARN_EMPTY_BODY = YES;
				CLANG_WARN_ENUM_CONVERSION = YES;
				CLANG_WARN_INFINITE_RECURSION = YES;
				CLANG_WARN_INT_CONVERSION = YES;
				CLANG_WARN_OBJC_ROOT_CLASS = YES_ERROR;
				CLANG_WARN_SUSPICIOUS_MOVE = YES;
				CLANG_WARN_UNREACHABLE_CODE = YES;
				CLANG_WARN__DUPLICATE_METHOD_MATCH = YES;
				"CODE_SIGN_IDENTITY[sdk=iphoneos*]" = "iPhone Developer";
				COPY_PHASE_STRIP = NO;
				DEBUG_INFORMATION_FORMAT = "dwarf-with-dsym";
				ENABLE_NS_ASSERTIONS = NO;
				ENABLE_STRICT_OBJC_MSGSEND = YES;
				GCC_C_LANGUAGE_STANDARD = gnu99;
				GCC_NO_COMMON_BLOCKS = YES;
				GCC_WARN_64_TO_32_BIT_CONVERSION = YES;
				GCC_WARN_ABOUT_RETURN_TYPE = YES_ERROR;
				GCC_WARN_UNDECLARED_SELECTOR = YES;
				GCC_WARN_UNINITIALIZED_AUTOS = YES_AGGRESSIVE;
				GCC_WARN_UNUSED_FUNCTION = YES;
				GCC_WARN_UNUSED_VARIABLE = YES;
				IPHONEOS_DEPLOYMENT_TARGET = 10.3;
				MTL_ENABLE_DEBUG_INFO = NO;
				SDKROOT = iphoneos;
				TARGETED_DEVICE_FAMILY = "1,2";
				VALIDATE_PRODUCT = YES;
			};
			name = Release;
		};
		843EB0F61F0661E000F5298B /* Debug */ = {
			isa = XCBuildConfiguration;
			buildSettings = {
				ASSETCATALOG_COMPILER_APPICON_NAME = AppIcon;
				INFOPLIST_FILE = FlickrDesign/Info.plist;
				LD_RUNPATH_SEARCH_PATHS = "$(inherited) @executable_path/Frameworks";
				PRODUCT_BUNDLE_IDENTIFIER = SBT.FlickrDesign;
				PRODUCT_NAME = "$(TARGET_NAME)";
			};
			name = Debug;
		};
		843EB0F71F0661E000F5298B /* Release */ = {
			isa = XCBuildConfiguration;
			buildSettings = {
				ASSETCATALOG_COMPILER_APPICON_NAME = AppIcon;
				INFOPLIST_FILE = FlickrDesign/Info.plist;
				LD_RUNPATH_SEARCH_PATHS = "$(inherited) @executable_path/Frameworks";
				PRODUCT_BUNDLE_IDENTIFIER = SBT.FlickrDesign;
				PRODUCT_NAME = "$(TARGET_NAME)";
			};
			name = Release;
		};
/* End XCBuildConfiguration section */

/* Begin XCConfigurationList section */
		843EB0D91F0661E000F5298B /* Build configuration list for PBXProject "FlickrDesign" */ = {
			isa = XCConfigurationList;
			buildConfigurations = (
				843EB0F31F0661E000F5298B /* Debug */,
				843EB0F41F0661E000F5298B /* Release */,
			);
			defaultConfigurationIsVisible = 0;
			defaultConfigurationName = Release;
		};
		843EB0F51F0661E000F5298B /* Build configuration list for PBXNativeTarget "FlickrDesign" */ = {
			isa = XCConfigurationList;
			buildConfigurations = (
				843EB0F61F0661E000F5298B /* Debug */,
				843EB0F71F0661E000F5298B /* Release */,
			);
			defaultConfigurationIsVisible = 0;
			defaultConfigurationName = Release;
		};
/* End XCConfigurationList section */

/* Begin XCVersionGroup section */
		84CC1D1A1F0D3F3300E481B4 /* Model1.xcdatamodeld */ = {
			isa = XCVersionGroup;
			children = (
				84CC1D1B1F0D3F3300E481B4 /* Model1.xcdatamodel */,
			);
			currentVersion = 84CC1D1B1F0D3F3300E481B4 /* Model1.xcdatamodel */;
			path = Model1.xcdatamodeld;
			sourceTree = "<group>";
			versionGroupType = wrapper.xcdatamodel;
		};
/* End XCVersionGroup section */
	};
	rootObject = 843EB0D61F0661E000F5298B /* Project object */;
}
